{
  "lockfileVersion": 1,
  "workspaces": {
    "": {
      "dependencies": {
        "json2csv": "^6.0.0-alpha.2",
      },
    },
  },
  "packages": {
    "@streamparser/json": ["@streamparser/json@0.0.6", "", {}, "sha512-vL9EVn/v+OhZ+Wcs6O4iKE9EUpwHUqHmCtNUMWjqp+6dr85+XPOSGTEsqYNq1Vn04uk9SWlOVmx9J48ggJVT2Q=="],

    "commander": ["commander@6.2.1", "", {}, "sha512-U7VdrJFnJgo4xjrHpTzu0yrHPGImdsmD95ZlgYSEajAn2JKzDhDTPG9kBTefmObL2w/ngeZnilk+OV9CG3d7UA=="],

    "json2csv": ["json2csv@6.0.0-alpha.2", "", { "dependencies": { "@streamparser/json": "^0.0.6", "commander": "^6.2.0", "lodash.get": "^4.4.2" }, "bin": { "json2csv": "bin/json2csv.js" } }, "sha512-nJ3oP6QxN8z69IT1HmrJdfVxhU1kLTBVgMfRnNZc37YEY+jZ4nU27rBGxT4vaqM/KUCavLRhntmTuBFqZLBUcA=="],

    "lodash.get": ["lodash.get@4.4.2", "", {}, "sha512-z+Uw/vLuy6gQe8cfaFWD7p0wVv8fJl3mbzXh33RS+0oW2wvUqiRXiQ69gLWSLpgB5/6sU+r6BlQR0MBILadqTQ=="],
  }
}
